<?xml version="1.0" encoding="UTF-8" standalone="yes" ?>
<CodeBlocks_project_file>
	<FileVersion major="1" minor="6" />
	<Project>
		<Option title="lifeSimulator" />
		<Option pch_mode="2" />
		<Option compiler="gcc" />
		<Build>
			<Target title="Debug">
				<Option output="../bin/lifeSimulator/Debug/lifeSimulator" prefix_auto="1" extension_auto="1" />
				<Option working_dir="../bin/lifeSimulator/Debug/" />
				<Option object_output="../bin/lifeSimulator/obj/Debug/" />
				<Option type="0" />
				<Option compiler="gcc" />
				<Compiler>
					<Add option="-std=c++11" />
					<Add option="-m32" />
					<Add option="-Og" />
					<Add option="-g" />
					<Add directory="include" />
				</Compiler>
				<Linker>
					<Add option="-m32" />
				</Linker>
			</Target>
			<Target title="Release">
				<Option output="../bin/lifeSimulator/Release/lifeSimulator" prefix_auto="1" extension_auto="1" />
				<Option working_dir="../bin/lifeSimulator/Release/" />
				<Option object_output="../bin/lifeSimulator/obj/Release/" />
				<Option type="0" />
				<Option compiler="gcc" />
				<Compiler>
					<Add option="-O2" />
					<Add option="-std=c++11" />
					<Add option="-m32" />
					<Add directory="include" />
				</Compiler>
				<Linker>
					<Add option="-s" />
					<Add option="-m32" />
				</Linker>
			</Target>
			<Target title="ReleaseMP">
				<Option output="../bin/lifeSimulator/ReleaseMP/lifeSimulator" prefix_auto="1" extension_auto="1" />
				<Option working_dir="../bin/lifeSimulator/ReleaseMP/" />
				<Option object_output="../bin/lifeSimulator/obj/ReleaseMP/" />
				<Option type="0" />
				<Option compiler="gcc" />
				<Compiler>
					<Add option="-O2" />
					<Add option="-std=c++11" />
					<Add option="-m32" />
					<Add option="-fopenmp" />
					<Add directory="include" />
				</Compiler>
				<Linker>
					<Add option="-s" />
					<Add option="-m32" />
					<Add option="-gomp" />
					<Add option="-pthread" />
					<Add library="libpthread.a" />
					<Add library="libgomp.a" />
				</Linker>
			</Target>
			<Target title="Test CodeFrame">
				<Option output="../bin/lifeSimulator/test/test_codeframe" prefix_auto="1" extension_auto="1" />
				<Option working_dir="../bin/lifeSimulator/test/" />
				<Option object_output="../bin/lifeSimulator/obj/test/" />
				<Option type="1" />
				<Option compiler="gcc" />
			</Target>
		</Build>
		<Compiler>
			<Add option="-Wall" />
			<Add option="-std=c++11" />
			<Add option="-fexceptions" />
			<Add option="-pthread" />
			<Add option="-DSFML_STATIC" />
			<Add option="-DGLEW_STATIC" />
			<Add option="-DWIN32" />
			<Add option="-D__GNUWIN32__" />
			<Add option="-DTHRUST_DEVICE_SYSTEM=THRUST_DEVICE_SYSTEM_OMP" />
			<Add option="-DSERIALIZABLE_USE_LUA" />
			<Add directory="libraries/imgui-sfml-master" />
			<Add directory="libraries/imgui-master" />
			<Add directory="libraries/SFML-master/include" />
			<Add directory="libraries/Box2D-master/Box2D" />
			<Add directory="libraries/TinyThread++-1.0/source" />
			<Add directory="libraries/CTPL-master" />
			<Add directory="libraries/codeframe-master/include" />
			<Add directory="libraries/codeframe-master/include/utilities" />
			<Add directory="libraries/codeframe-master/thirdparty/lua-5.3.5/src" />
			<Add directory="libraries/codeframe-master/thirdparty/luabridge-master/Source" />
			<Add directory="libraries/codeframe-master/thirdparty/sigslot-1.0.0" />
			<Add directory="libraries/codeframe-master/thirdparty/pugixml-1.7/src" />
			<Add directory="libraries/codeframe-master/thirdparty/smartpointer" />
			<Add directory="libraries/codeframe-master/thirdparty/plf_nanotimer-master" />
			<Add directory="libraries/thrust-1.8.1" />
		</Compiler>
		<Linker>
			<Add option="-static-libstdc++" />
			<Add option="-static-libgcc" />
			<Add option="-static" />
			<Add option="-pthread" />
			<Add library="sfml-graphics-s" />
			<Add library="sfml-network-s" />
			<Add library="sfml-window-s" />
			<Add library="sfml-system-s" />
			<Add library="sfml-main" />
			<Add library="openal32" />
			<Add library="freetype" />
			<Add library="ws2_32" />
			<Add library="gdi32" />
			<Add library="opengl32" />
			<Add library="winmm" />
			<Add library="Box2D" />
			<Add library="lua" />
			<Add directory="libraries/SFML-master/build/lib" />
			<Add directory="libraries/SFML-master/extlibs/libs-mingw/x86" />
			<Add directory="libraries/Box2D-master/Box2D/build/Box2D" />
			<Add directory="libraries/codeframe-master/thirdparty/lua-5.3.5/build" />
		</Linker>
		<ExtraCommands>
			<Add before="UpdateMercurialInfo.bat" />
		</ExtraCommands>
		<Unit filename="include/annviewerwidget.hpp">
			<Option target="Debug" />
			<Option target="Release" />
			<Option target="ReleaseMP" />
		</Unit>
		<Unit filename="include/application.hpp">
			<Option target="Debug" />
			<Option target="Release" />
			<Option target="ReleaseMP" />
		</Unit>
		<Unit filename="include/colorizecircleshape.hpp">
			<Option target="Debug" />
			<Option target="Release" />
			<Option target="ReleaseMP" />
		</Unit>
		<Unit filename="include/colorizerealnbr.hpp">
			<Option target="Debug" />
			<Option target="Release" />
			<Option target="ReleaseMP" />
		</Unit>
		<Unit filename="include/consolewidget.hpp">
			<Option target="Debug" />
			<Option target="Release" />
			<Option target="ReleaseMP" />
		</Unit>
		<Unit filename="include/constelement.hpp">
			<Option target="Debug" />
			<Option target="Release" />
			<Option target="ReleaseMP" />
		</Unit>
		<Unit filename="include/constelementline.hpp">
			<Option target="Debug" />
			<Option target="Release" />
			<Option target="ReleaseMP" />
		</Unit>
		<Unit filename="include/constelementsfactory.hpp">
			<Option target="Debug" />
			<Option target="Release" />
			<Option target="ReleaseMP" />
		</Unit>
		<Unit filename="include/entity.hpp">
			<Option target="Debug" />
			<Option target="Release" />
			<Option target="ReleaseMP" />
		</Unit>
		<Unit filename="include/entityfactory.hpp">
			<Option target="Debug" />
			<Option target="Release" />
			<Option target="ReleaseMP" />
		</Unit>
		<Unit filename="include/entityghost.hpp">
			<Option target="Debug" />
			<Option target="Release" />
			<Option target="ReleaseMP" />
		</Unit>
		<Unit filename="include/entityshell.hpp">
			<Option target="Debug" />
			<Option target="Release" />
			<Option target="ReleaseMP" />
		</Unit>
		<Unit filename="include/entityvision.hpp">
			<Option target="Debug" />
			<Option target="Release" />
			<Option target="ReleaseMP" />
		</Unit>
		<Unit filename="include/fontfactory.hpp">
			<Option target="Debug" />
			<Option target="Release" />
			<Option target="ReleaseMP" />
		</Unit>
		<Unit filename="include/guiwidgetslayer.hpp">
			<Option target="Debug" />
			<Option target="Release" />
			<Option target="ReleaseMP" />
		</Unit>
		<Unit filename="include/informationwidget.hpp">
			<Option target="Debug" />
			<Option target="Release" />
			<Option target="ReleaseMP" />
		</Unit>
		<Unit filename="include/mercurialinfo.hpp">
			<Option target="Debug" />
			<Option target="Release" />
			<Option target="ReleaseMP" />
		</Unit>
		<Unit filename="include/performanceapplicationdef.hpp">
			<Option target="Debug" />
			<Option target="Release" />
			<Option target="ReleaseMP" />
		</Unit>
		<Unit filename="include/performancelogger.hpp">
			<Option target="Debug" />
			<Option target="Release" />
			<Option target="ReleaseMP" />
		</Unit>
		<Unit filename="include/physicsbody.hpp">
			<Option target="Debug" />
			<Option target="Release" />
			<Option target="ReleaseMP" />
		</Unit>
		<Unit filename="include/propertyeditorwidget.hpp">
			<Option target="Debug" />
			<Option target="Release" />
			<Option target="ReleaseMP" />
		</Unit>
		<Unit filename="include/serializableneuronlayer.hpp">
			<Option target="Debug" />
			<Option target="Release" />
			<Option target="ReleaseMP" />
		</Unit>
		<Unit filename="include/serializableneuronlayercontainer.hpp">
			<Option target="Debug" />
			<Option target="Release" />
			<Option target="ReleaseMP" />
		</Unit>
		<Unit filename="include/version.hpp">
			<Option target="Debug" />
			<Option target="Release" />
			<Option target="ReleaseMP" />
		</Unit>
		<Unit filename="include/world.hpp">
			<Option target="Debug" />
			<Option target="Release" />
			<Option target="ReleaseMP" />
		</Unit>
		<Unit filename="libraries/codeframe-master/include/base64.hpp" />
		<Unit filename="libraries/codeframe-master/include/cxml.hpp" />
		<Unit filename="libraries/codeframe-master/include/cxmlnode.hpp" />
		<Unit filename="libraries/codeframe-master/include/extfundamental.hpp" />
		<Unit filename="libraries/codeframe-master/include/extpoint2d.hpp" />
		<Unit filename="libraries/codeframe-master/include/extthrust.hpp" />
		<Unit filename="libraries/codeframe-master/include/extvector.hpp" />
		<Unit filename="libraries/codeframe-master/include/instancemanager.hpp" />
		<Unit filename="libraries/codeframe-master/include/propertyignorelist.hpp" />
		<Unit filename="libraries/codeframe-master/include/referencemanager.hpp" />
		<Unit filename="libraries/codeframe-master/include/serializable.hpp" />
		<Unit filename="libraries/codeframe-master/include/serializablechildlist.hpp" />
		<Unit filename="libraries/codeframe-master/include/serializableconsole.hpp" />
		<Unit filename="libraries/codeframe-master/include/serializablecontainer.hpp" />
		<Unit filename="libraries/codeframe-master/include/serializableidentity.hpp" />
		<Unit filename="libraries/codeframe-master/include/serializableinterface.hpp" />
		<Unit filename="libraries/codeframe-master/include/serializablelua.hpp" />
		<Unit filename="libraries/codeframe-master/include/serializablepath.hpp" />
		<Unit filename="libraries/codeframe-master/include/serializableproperty.hpp" />
		<Unit filename="libraries/codeframe-master/include/serializablepropertybase.hpp" />
		<Unit filename="libraries/codeframe-master/include/serializablepropertyinfo.hpp" />
		<Unit filename="libraries/codeframe-master/include/serializablepropertyiterator.hpp" />
		<Unit filename="libraries/codeframe-master/include/serializablepropertymanager.hpp" />
		<Unit filename="libraries/codeframe-master/include/serializableregister.hpp" />
		<Unit filename="libraries/codeframe-master/include/serializableselectable.hpp" />
		<Unit filename="libraries/codeframe-master/include/serializablestorage.hpp" />
		<Unit filename="libraries/codeframe-master/include/typeinfo.hpp" />
		<Unit filename="libraries/codeframe-master/include/typeinterface.hpp" />
		<Unit filename="libraries/codeframe-master/include/utilities/DataTypesUtilities.h" />
		<Unit filename="libraries/codeframe-master/include/utilities/FileUtilities.h" />
		<Unit filename="libraries/codeframe-master/include/utilities/FilepathUtilities.h" />
		<Unit filename="libraries/codeframe-master/include/utilities/HashUtilities.h" />
		<Unit filename="libraries/codeframe-master/include/utilities/LoggerUtilities.h" />
		<Unit filename="libraries/codeframe-master/include/utilities/MathUtilities.h" />
		<Unit filename="libraries/codeframe-master/include/utilities/PerformanceUtilities.h" />
		<Unit filename="libraries/codeframe-master/include/utilities/SysUtilities.h" />
		<Unit filename="libraries/codeframe-master/include/utilities/TextUtilities.h" />
		<Unit filename="libraries/codeframe-master/include/utilities/ThreadUtilities.h" />
		<Unit filename="libraries/codeframe-master/include/xmlformatter.hpp" />
		<Unit filename="libraries/codeframe-master/src/base64.cpp" />
		<Unit filename="libraries/codeframe-master/src/cxml.cpp" />
		<Unit filename="libraries/codeframe-master/src/cxmlnode.cpp" />
		<Unit filename="libraries/codeframe-master/src/extpoint2d.cpp" />
		<Unit filename="libraries/codeframe-master/src/extthrust.cpp" />
		<Unit filename="libraries/codeframe-master/src/extvector.cpp" />
		<Unit filename="libraries/codeframe-master/src/instancemanager.cpp" />
		<Unit filename="libraries/codeframe-master/src/referencemanager.cpp" />
		<Unit filename="libraries/codeframe-master/src/serializable.cpp" />
		<Unit filename="libraries/codeframe-master/src/serializablechildlist.cpp" />
		<Unit filename="libraries/codeframe-master/src/serializablecontainer.cpp" />
		<Unit filename="libraries/codeframe-master/src/serializableidentity.cpp" />
		<Unit filename="libraries/codeframe-master/src/serializableinterface.cpp" />
		<Unit filename="libraries/codeframe-master/src/serializablelua.cpp" />
		<Unit filename="libraries/codeframe-master/src/serializablepath.cpp" />
		<Unit filename="libraries/codeframe-master/src/serializableproperty.cpp" />
		<Unit filename="libraries/codeframe-master/src/serializablepropertyinfo.cpp" />
		<Unit filename="libraries/codeframe-master/src/serializablepropertyiterator.cpp" />
		<Unit filename="libraries/codeframe-master/src/serializablepropertymanager.cpp" />
		<Unit filename="libraries/codeframe-master/src/serializableregister.cpp" />
		<Unit filename="libraries/codeframe-master/src/serializableselectable.cpp" />
		<Unit filename="libraries/codeframe-master/src/serializablestorage.cpp" />
		<Unit filename="libraries/codeframe-master/src/typeinfo.cpp" />
		<Unit filename="libraries/codeframe-master/src/utilities/FileUtilities.cpp" />
		<Unit filename="libraries/codeframe-master/src/utilities/LoggerUtilities.cpp" />
		<Unit filename="libraries/codeframe-master/src/utilities/MathUtilities.cpp" />
		<Unit filename="libraries/codeframe-master/src/utilities/PerformanceUtilities.cpp" />
		<Unit filename="libraries/codeframe-master/src/utilities/SysUtilities.cpp" />
		<Unit filename="libraries/codeframe-master/src/utilities/ThreadUtilities.cpp" />
		<Unit filename="libraries/codeframe-master/src/xmlformatter.cpp" />
		<Unit filename="libraries/codeframe-master/tests/catch.hpp">
			<Option target="Test CodeFrame" />
		</Unit>
		<Unit filename="libraries/codeframe-master/tests/test_serializable.cpp">
			<Option target="Test CodeFrame" />
		</Unit>
		<Unit filename="libraries/codeframe-master/tests/test_serializablelibmain.cpp">
			<Option target="Test CodeFrame" />
		</Unit>
		<Unit filename="libraries/codeframe-master/thirdparty/pugixml-1.7/src/pugiconfig.hpp" />
		<Unit filename="libraries/codeframe-master/thirdparty/pugixml-1.7/src/pugixml.cpp" />
		<Unit filename="libraries/codeframe-master/thirdparty/pugixml-1.7/src/pugixml.hpp" />
		<Unit filename="libraries/codeframe-master/thirdparty/smartpointer/smartpointer.h" />
		<Unit filename="libraries/codeframe-master/thirdparty/smartpointer/yasper.h" />
		<Unit filename="libraries/imgui-master/imconfig.h">
			<Option target="Debug" />
			<Option target="Release" />
			<Option target="ReleaseMP" />
		</Unit>
		<Unit filename="libraries/imgui-master/imgui.cpp">
			<Option target="Debug" />
			<Option target="Release" />
			<Option target="ReleaseMP" />
		</Unit>
		<Unit filename="libraries/imgui-master/imgui.h">
			<Option target="Debug" />
			<Option target="Release" />
			<Option target="ReleaseMP" />
		</Unit>
		<Unit filename="libraries/imgui-master/imgui_demo.cpp">
			<Option target="Debug" />
			<Option target="Release" />
			<Option target="ReleaseMP" />
		</Unit>
		<Unit filename="libraries/imgui-master/imgui_draw.cpp">
			<Option target="Debug" />
			<Option target="Release" />
			<Option target="ReleaseMP" />
		</Unit>
		<Unit filename="libraries/imgui-master/imgui_internal.h">
			<Option target="Debug" />
			<Option target="Release" />
			<Option target="ReleaseMP" />
		</Unit>
		<Unit filename="libraries/imgui-master/imgui_widgets.cpp">
			<Option target="Debug" />
			<Option target="Release" />
			<Option target="ReleaseMP" />
		</Unit>
		<Unit filename="libraries/imgui-sfml-master/imgui-SFML.cpp">
			<Option target="Debug" />
			<Option target="Release" />
			<Option target="ReleaseMP" />
		</Unit>
		<Unit filename="libraries/imgui-sfml-master/imgui-SFML.h">
			<Option target="Debug" />
			<Option target="Release" />
			<Option target="ReleaseMP" />
		</Unit>
		<Unit filename="libraries/sigslot-1.0.0/sigslot.h">
			<Option target="Debug" />
			<Option target="Release" />
			<Option target="ReleaseMP" />
		</Unit>
		<Unit filename="main.cpp">
			<Option target="Debug" />
			<Option target="Release" />
			<Option target="ReleaseMP" />
		</Unit>
		<Unit filename="src/annviewerwidget.cpp">
			<Option target="Debug" />
			<Option target="Release" />
			<Option target="ReleaseMP" />
		</Unit>
		<Unit filename="src/application.cpp">
			<Option target="Debug" />
			<Option target="Release" />
			<Option target="ReleaseMP" />
		</Unit>
		<Unit filename="src/colorizecircleshape.cpp">
			<Option target="Debug" />
			<Option target="Release" />
			<Option target="ReleaseMP" />
		</Unit>
		<Unit filename="src/colorizerealnbr.cpp">
			<Option target="Debug" />
			<Option target="Release" />
			<Option target="ReleaseMP" />
		</Unit>
		<Unit filename="src/consolewidget.cpp">
			<Option target="Debug" />
			<Option target="Release" />
			<Option target="ReleaseMP" />
		</Unit>
		<Unit filename="src/constelement.cpp">
			<Option target="Debug" />
			<Option target="Release" />
			<Option target="ReleaseMP" />
		</Unit>
		<Unit filename="src/constelementline.cpp">
			<Option target="Debug" />
			<Option target="Release" />
			<Option target="ReleaseMP" />
		</Unit>
		<Unit filename="src/constelementsfactory.cpp">
			<Option target="Debug" />
			<Option target="Release" />
			<Option target="ReleaseMP" />
		</Unit>
		<Unit filename="src/entity.cpp">
			<Option target="Debug" />
			<Option target="Release" />
			<Option target="ReleaseMP" />
		</Unit>
		<Unit filename="src/entityfactory.cpp">
			<Option target="Debug" />
			<Option target="Release" />
			<Option target="ReleaseMP" />
		</Unit>
		<Unit filename="src/entityghost.cpp">
			<Option target="Debug" />
			<Option target="Release" />
			<Option target="ReleaseMP" />
		</Unit>
		<Unit filename="src/entityshell.cpp">
			<Option target="Debug" />
			<Option target="Release" />
			<Option target="ReleaseMP" />
		</Unit>
		<Unit filename="src/entityvision.cpp">
			<Option target="Debug" />
			<Option target="Release" />
			<Option target="ReleaseMP" />
		</Unit>
		<Unit filename="src/fontfactory.cpp">
			<Option target="Debug" />
			<Option target="Release" />
			<Option target="ReleaseMP" />
		</Unit>
		<Unit filename="src/guiwidgetslayer.cpp">
			<Option target="Debug" />
			<Option target="Release" />
			<Option target="ReleaseMP" />
		</Unit>
		<Unit filename="src/informationwidget.cpp">
			<Option target="Debug" />
			<Option target="Release" />
			<Option target="ReleaseMP" />
		</Unit>
		<Unit filename="src/performancelogger.cpp">
			<Option target="Debug" />
			<Option target="Release" />
			<Option target="ReleaseMP" />
		</Unit>
		<Unit filename="src/physicsbody.cpp">
			<Option target="Debug" />
			<Option target="Release" />
			<Option target="ReleaseMP" />
		</Unit>
		<Unit filename="src/propertyeditorwidget.cpp">
			<Option target="Debug" />
			<Option target="Release" />
			<Option target="ReleaseMP" />
		</Unit>
		<Unit filename="src/serializableneuronlayer.cpp">
			<Option target="Debug" />
			<Option target="Release" />
			<Option target="ReleaseMP" />
		</Unit>
		<Unit filename="src/serializableneuronlayercontainer.cpp">
			<Option target="Debug" />
			<Option target="Release" />
			<Option target="ReleaseMP" />
		</Unit>
		<Unit filename="src/world.cpp">
			<Option target="Debug" />
			<Option target="Release" />
			<Option target="ReleaseMP" />
		</Unit>
		<Extensions>
			<code_completion />
			<envvars />
			<debugger />
		</Extensions>
	</Project>
</CodeBlocks_project_file>
