<?xml version="1.0" encoding="UTF-8" standalone="yes" ?>
<CodeBlocks_project_file>
	<FileVersion major="1" minor="6" />
	<Project>
		<Option title="OpenFlatland" />
		<Option pch_mode="2" />
		<Option compiler="gcc" />
		<Build>
			<Target title="Debug">
				<Option output="../bin/OpenFlatland/Debug/OpenFlatland" prefix_auto="1" extension_auto="1" />
				<Option working_dir="../bin/OpenFlatland/Debug/" />
				<Option object_output="../bin/OpenFlatland/obj/Debug/" />
				<Option type="0" />
				<Option compiler="gcc" />
				<Compiler>
					<Add option="-Wall" />
					<Add option="-std=c++14" />
					<Add option="-m32" />
					<Add option="-Og" />
					<Add option="-g" />
					<Add option="-DCODE_FRAME_REFERENCE_MANAGER_DEBUG" />
					<Add option="-DENTITY_VISION_DEBUG" />
					<Add option="-DPATH_FIELD" />
					<Add directory="include" />
				</Compiler>
				<Linker>
					<Add option="-m32" />
					<Add library="sfml-graphics" />
					<Add library="sfml-network" />
					<Add library="sfml-window" />
					<Add library="sfml-system" />
					<Add library="sfml-main" />
					<Add library="opengl32" />
					<Add library="freetype" />
					<Add library="ws2_32" />
					<Add library="winmm" />
				</Linker>
			</Target>
			<Target title="Release">
				<Option output="../bin/OpenFlatland/Release/OpenFlatland" prefix_auto="1" extension_auto="1" />
				<Option working_dir="../bin/OpenFlatland/Release/" />
				<Option object_output="../bin/OpenFlatland/obj/Release/" />
				<Option type="0" />
				<Option compiler="gcc" />
				<Compiler>
					<Add option="-O3" />
					<Add option="-Wall" />
					<Add option="-std=c++14" />
					<Add option="-m32" />
					<Add option="-DNDEBUG" />
					<Add directory="include" />
				</Compiler>
				<Linker>
					<Add option="-s" />
					<Add option="-m32" />
					<Add option="-O3" />
					<Add library="sfml-graphics" />
					<Add library="sfml-network" />
					<Add library="sfml-window" />
					<Add library="sfml-system" />
					<Add library="sfml-main" />
					<Add library="ws2_32" />
					<Add library="freetype" />
					<Add library="opengl32" />
					<Add library="winmm" />
				</Linker>
			</Target>
			<Target title="ReleaseMP">
				<Option output="../bin/OpenFlatland/ReleaseMP/OpenFlatland" prefix_auto="1" extension_auto="1" />
				<Option working_dir="../bin/OpenFlatland/ReleaseMP/" />
				<Option object_output="../bin/OpenFlatland/obj/ReleaseMP/" />
				<Option type="0" />
				<Option compiler="gcc" />
				<Compiler>
					<Add option="-O2" />
					<Add option="-std=c++14" />
					<Add option="-m32" />
					<Add option="-fopenmp" />
					<Add directory="include" />
				</Compiler>
				<Linker>
					<Add option="-s" />
					<Add option="-m32" />
					<Add option="-gomp" />
					<Add option="-pthread" />
					<Add library="libpthread.a" />
					<Add library="libgomp.a" />
					<Add library="sfml-graphics-s" />
					<Add library="sfml-network-s" />
					<Add library="sfml-window-s" />
					<Add library="sfml-system-s" />
					<Add library="sfml-main" />
					<Add library="ws2_32" />
					<Add library="freetype" />
					<Add library="opengl32" />
					<Add library="winmm" />
				</Linker>
			</Target>
			<Target title="Test CodeFrame">
				<Option output="../bin/OpenFlatland/test/test_codeframe" prefix_auto="1" extension_auto="1" />
				<Option working_dir="../bin/OpenFlatland/test/" />
				<Option object_output="../bin/OpenFlatland/obj/test/" />
				<Option type="1" />
				<Option compiler="gcc" />
				<Option parameters="--durations yes" />
				<Compiler>
					<Add option="-std=c++14" />
					<Add option="-m32" />
					<Add option="-Og" />
					<Add option="-g" />
					<Add option="-DENTITY_VISION_DEBUG" />
					<Add option="-DCODE_FRAME_REFERENCE_MANAGER_DEBUG" />
					<Add directory="include" />
				</Compiler>
				<Linker>
					<Add option="-m32" />
					<Add library="sfml-graphics" />
					<Add library="sfml-network" />
					<Add library="sfml-window" />
					<Add library="sfml-system" />
					<Add library="opengl32" />
					<Add library="freetype" />
					<Add library="ws2_32" />
					<Add library="winmm" />
				</Linker>
			</Target>
		</Build>
		<Compiler>
			<Add option="-Wall" />
			<Add option="-std=c++14" />
			<Add option="-fexceptions" />
			<Add option="-pthread" />
			<Add option="-DSFML_STATIC" />
			<Add option="-DGLEW_STATIC" />
			<Add option="-DWIN32" />
			<Add option="-D__GNUWIN32__" />
			<Add option="-DTHRUST_DEVICE_SYSTEM=THRUST_DEVICE_SYSTEM_OMP" />
			<Add option="-DSERIALIZABLE_USE_LUA" />
			<Add directory="libraries/imgui" />
			<Add directory="libraries/imgui-sfml" />
			<Add directory="libraries/SFML-master/include" />
			<Add directory="libraries/box2d/include" />
			<Add directory="libraries/TinyThread++-1.0/source" />
			<Add directory="libraries/CTPL-master" />
			<Add directory="libraries/codeframe-master/include" />
			<Add directory="libraries/codeframe-master/include/utilities" />
			<Add directory="libraries/codeframe-master/thirdparty/lua-5.3.5/src" />
			<Add directory="libraries/codeframe-master/thirdparty/luabridge-master/Source" />
			<Add directory="libraries/codeframe-master/thirdparty/sigslot-1.0.0" />
			<Add directory="libraries/codeframe-master/thirdparty/pugixml-1.7/src" />
			<Add directory="libraries/codeframe-master/thirdparty/smartpointer" />
			<Add directory="libraries/codeframe-master/thirdparty/plf_nanotimer-master" />
			<Add directory="libraries/thrust" />
		</Compiler>
		<Linker>
			<Add option="-static-libstdc++" />
			<Add option="-static-libgcc" />
			<Add option="-static" />
			<Add option="-pthread" />
			<Add library="openal32" />
			<Add library="freetype" />
			<Add library="ws2_32" />
			<Add library="gdi32" />
			<Add library="opengl32" />
			<Add library="winmm" />
			<Add library="Box2D" />
			<Add library="lua" />
			<Add directory="libraries/SFML-master/extlibs/libs-mingw/x86" />
			<Add directory="build/libraries/SFML-master/lib" />
			<Add directory="build/libraries/box2d/src" />
			<Add directory="build/libraries/codeframe-master/thirdparty/lua-5.3.5/src" />
		</Linker>
		<ExtraCommands>
			<Add before="UpdateGitInfo.bat" />
		</ExtraCommands>
		<Unit filename="include/ann_viewer_widget.hpp">
			<Option target="Debug" />
			<Option target="Release" />
			<Option target="ReleaseMP" />
		</Unit>
		<Unit filename="include/application.hpp">
			<Option target="Debug" />
			<Option target="Release" />
			<Option target="ReleaseMP" />
		</Unit>
		<Unit filename="include/artificial_neuron_engine.hpp">
			<Option target="Debug" />
			<Option target="Release" />
			<Option target="ReleaseMP" />
		</Unit>
		<Unit filename="include/colorize_circle_shape.hpp">
			<Option target="Debug" />
			<Option target="Release" />
			<Option target="ReleaseMP" />
		</Unit>
		<Unit filename="include/colorize_ray_data.hpp">
			<Option target="Debug" />
			<Option target="Release" />
			<Option target="ReleaseMP" />
		</Unit>
		<Unit filename="include/console_widget.hpp">
			<Option target="Debug" />
			<Option target="Release" />
			<Option target="ReleaseMP" />
		</Unit>
		<Unit filename="include/const_element.hpp">
			<Option target="Debug" />
			<Option target="Release" />
			<Option target="ReleaseMP" />
		</Unit>
		<Unit filename="include/const_element_line.hpp">
			<Option target="Debug" />
			<Option target="Release" />
			<Option target="ReleaseMP" />
		</Unit>
		<Unit filename="include/const_elements_factory.hpp">
			<Option target="Debug" />
			<Option target="Release" />
			<Option target="ReleaseMP" />
		</Unit>
		<Unit filename="include/drawable_entity_energy.hpp">
			<Option target="Debug" />
			<Option target="Release" />
			<Option target="ReleaseMP" />
		</Unit>
		<Unit filename="include/drawable_entity_motion.hpp">
			<Option target="Debug" />
			<Option target="Release" />
			<Option target="ReleaseMP" />
		</Unit>
		<Unit filename="include/drawable_entity_vision.hpp">
			<Option target="Debug" />
			<Option target="Release" />
			<Option target="ReleaseMP" />
		</Unit>
		<Unit filename="include/drawable_object.hpp">
			<Option target="Debug" />
			<Option target="Release" />
			<Option target="ReleaseMP" />
		</Unit>
		<Unit filename="include/entity.hpp">
			<Option target="Debug" />
			<Option target="Release" />
			<Option target="ReleaseMP" />
		</Unit>
		<Unit filename="include/entity_energy.hpp">
			<Option target="Debug" />
			<Option target="Release" />
			<Option target="ReleaseMP" />
		</Unit>
		<Unit filename="include/entity_factory.hpp">
			<Option target="Debug" />
			<Option target="Release" />
			<Option target="ReleaseMP" />
		</Unit>
		<Unit filename="include/entity_ghost.hpp">
			<Option target="Debug" />
			<Option target="Release" />
			<Option target="ReleaseMP" />
		</Unit>
		<Unit filename="include/entity_motion.hpp">
			<Option target="Debug" />
			<Option target="Release" />
			<Option target="ReleaseMP" />
		</Unit>
		<Unit filename="include/entity_shell.hpp">
			<Option target="Debug" />
			<Option target="Release" />
			<Option target="ReleaseMP" />
		</Unit>
		<Unit filename="include/entity_vision.hpp">
			<Option target="Debug" />
			<Option target="Release" />
			<Option target="ReleaseMP" />
		</Unit>
		<Unit filename="include/entity_vision_node.hpp">
			<Option target="Debug" />
			<Option target="Release" />
			<Option target="ReleaseMP" />
		</Unit>
		<Unit filename="include/entity_vision_viewer_widget.hpp">
			<Option target="Debug" />
			<Option target="Release" />
			<Option target="ReleaseMP" />
		</Unit>
		<Unit filename="include/font_factory.hpp">
			<Option target="Debug" />
			<Option target="Release" />
			<Option target="ReleaseMP" />
		</Unit>
		<Unit filename="include/gui_widgets_layer.hpp">
			<Option target="Debug" />
			<Option target="Release" />
			<Option target="ReleaseMP" />
		</Unit>
		<Unit filename="include/information_widget.hpp">
			<Option target="Debug" />
			<Option target="Release" />
			<Option target="ReleaseMP" />
		</Unit>
		<Unit filename="include/neuron_cell_pool.hpp">
			<Option target="Debug" />
			<Option target="Release" />
			<Option target="ReleaseMP" />
		</Unit>
		<Unit filename="include/neuron_layer.hpp">
			<Option target="Debug" />
			<Option target="Release" />
			<Option target="ReleaseMP" />
		</Unit>
		<Unit filename="include/neuron_layer_container.hpp">
			<Option target="Debug" />
			<Option target="Release" />
			<Option target="ReleaseMP" />
		</Unit>
		<Unit filename="include/neuron_layer_ray.hpp">
			<Option target="Debug" />
			<Option target="Release" />
			<Option target="ReleaseMP" />
		</Unit>
		<Unit filename="include/neuron_layer_vector.hpp">
			<Option target="Debug" />
			<Option target="Release" />
			<Option target="ReleaseMP" />
		</Unit>
		<Unit filename="include/performance_application_def.hpp">
			<Option target="Debug" />
			<Option target="Release" />
			<Option target="ReleaseMP" />
		</Unit>
		<Unit filename="include/performance_logger.hpp">
			<Option target="Debug" />
			<Option target="Release" />
			<Option target="ReleaseMP" />
		</Unit>
		<Unit filename="include/physics_body.hpp">
			<Option target="Debug" />
			<Option target="Release" />
			<Option target="ReleaseMP" />
		</Unit>
		<Unit filename="include/property_editor_widget.hpp">
			<Option target="Debug" />
			<Option target="Release" />
			<Option target="ReleaseMP" />
		</Unit>
		<Unit filename="include/ray_data.hpp" />
		<Unit filename="include/version.hpp">
			<Option target="Debug" />
			<Option target="Release" />
			<Option target="ReleaseMP" />
		</Unit>
		<Unit filename="include/world.hpp">
			<Option target="Debug" />
			<Option target="Release" />
			<Option target="ReleaseMP" />
		</Unit>
		<Unit filename="libraries/codeframe-master/include/base64.hpp" />
		<Unit filename="libraries/codeframe-master/include/cxml.hpp" />
		<Unit filename="libraries/codeframe-master/include/cxmlnode.hpp" />
		<Unit filename="libraries/codeframe-master/include/extfundamental.hpp" />
		<Unit filename="libraries/codeframe-master/include/extpoint2d.hpp" />
		<Unit filename="libraries/codeframe-master/include/extthrust.hpp" />
		<Unit filename="libraries/codeframe-master/include/extvector.hpp" />
		<Unit filename="libraries/codeframe-master/include/instance_manager.hpp" />
		<Unit filename="libraries/codeframe-master/include/propertyignorelist.hpp" />
		<Unit filename="libraries/codeframe-master/include/reference_manager.hpp" />
		<Unit filename="libraries/codeframe-master/include/serializable_console.hpp" />
		<Unit filename="libraries/codeframe-master/include/serializable_identity.hpp" />
		<Unit filename="libraries/codeframe-master/include/serializable_lua.hpp" />
		<Unit filename="libraries/codeframe-master/include/serializable_object.hpp" />
		<Unit filename="libraries/codeframe-master/include/serializable_object_container.hpp" />
		<Unit filename="libraries/codeframe-master/include/serializable_object_dummy.hpp" />
		<Unit filename="libraries/codeframe-master/include/serializable_object_list.hpp" />
		<Unit filename="libraries/codeframe-master/include/serializable_object_multiple_selection.hpp" />
		<Unit filename="libraries/codeframe-master/include/serializable_object_node.hpp" />
		<Unit filename="libraries/codeframe-master/include/serializable_object_selection.hpp" />
		<Unit filename="libraries/codeframe-master/include/serializable_path.hpp" />
		<Unit filename="libraries/codeframe-master/include/serializable_property.hpp" />
		<Unit filename="libraries/codeframe-master/include/serializable_property_base.hpp" />
		<Unit filename="libraries/codeframe-master/include/serializable_property_info.hpp" />
		<Unit filename="libraries/codeframe-master/include/serializable_property_iterator.hpp" />
		<Unit filename="libraries/codeframe-master/include/serializable_property_list.hpp" />
		<Unit filename="libraries/codeframe-master/include/serializable_property_multiple_selection.hpp" />
		<Unit filename="libraries/codeframe-master/include/serializable_property_node.hpp" />
		<Unit filename="libraries/codeframe-master/include/serializable_property_selection.hpp" />
		<Unit filename="libraries/codeframe-master/include/serializable_register.hpp" />
		<Unit filename="libraries/codeframe-master/include/serializable_selectable.hpp" />
		<Unit filename="libraries/codeframe-master/include/serializable_storage.hpp" />
		<Unit filename="libraries/codeframe-master/include/typedefs.hpp" />
		<Unit filename="libraries/codeframe-master/include/typeinfo.hpp" />
		<Unit filename="libraries/codeframe-master/include/typeinterface.hpp" />
		<Unit filename="libraries/codeframe-master/include/utilities/DataTypesUtilities.h" />
		<Unit filename="libraries/codeframe-master/include/utilities/FileUtilities.h" />
		<Unit filename="libraries/codeframe-master/include/utilities/FilepathUtilities.h" />
		<Unit filename="libraries/codeframe-master/include/utilities/HashUtilities.h" />
		<Unit filename="libraries/codeframe-master/include/utilities/LoggerUtilities.h" />
		<Unit filename="libraries/codeframe-master/include/utilities/MathUtilities.h" />
		<Unit filename="libraries/codeframe-master/include/utilities/PerformanceUtilities.h" />
		<Unit filename="libraries/codeframe-master/include/utilities/SysUtilities.h" />
		<Unit filename="libraries/codeframe-master/include/utilities/TextUtilities.h" />
		<Unit filename="libraries/codeframe-master/include/utilities/ThreadUtilities.h" />
		<Unit filename="libraries/codeframe-master/include/xmlformatter.hpp" />
		<Unit filename="libraries/codeframe-master/src/base64.cpp" />
		<Unit filename="libraries/codeframe-master/src/cxml.cpp" />
		<Unit filename="libraries/codeframe-master/src/cxmlnode.cpp" />
		<Unit filename="libraries/codeframe-master/src/extpoint2d.cpp" />
		<Unit filename="libraries/codeframe-master/src/extthrust.cpp" />
		<Unit filename="libraries/codeframe-master/src/extvector.cpp" />
		<Unit filename="libraries/codeframe-master/src/instance_manager.cpp" />
		<Unit filename="libraries/codeframe-master/src/reference_manager.cpp" />
		<Unit filename="libraries/codeframe-master/src/serializable_identity.cpp" />
		<Unit filename="libraries/codeframe-master/src/serializable_lua.cpp" />
		<Unit filename="libraries/codeframe-master/src/serializable_object.cpp" />
		<Unit filename="libraries/codeframe-master/src/serializable_object_container.cpp" />
		<Unit filename="libraries/codeframe-master/src/serializable_object_list.cpp" />
		<Unit filename="libraries/codeframe-master/src/serializable_object_multiple_selection.cpp" />
		<Unit filename="libraries/codeframe-master/src/serializable_object_node.cpp" />
		<Unit filename="libraries/codeframe-master/src/serializable_object_selection.cpp" />
		<Unit filename="libraries/codeframe-master/src/serializable_path.cpp" />
		<Unit filename="libraries/codeframe-master/src/serializable_property.cpp" />
		<Unit filename="libraries/codeframe-master/src/serializable_property_base.cpp" />
		<Unit filename="libraries/codeframe-master/src/serializable_property_info.cpp" />
		<Unit filename="libraries/codeframe-master/src/serializable_property_iterator.cpp" />
		<Unit filename="libraries/codeframe-master/src/serializable_property_list.cpp" />
		<Unit filename="libraries/codeframe-master/src/serializable_property_multiple_selection.cpp" />
		<Unit filename="libraries/codeframe-master/src/serializable_property_selection.cpp" />
		<Unit filename="libraries/codeframe-master/src/serializable_register.cpp" />
		<Unit filename="libraries/codeframe-master/src/serializable_selectable.cpp" />
		<Unit filename="libraries/codeframe-master/src/serializable_storage.cpp" />
		<Unit filename="libraries/codeframe-master/src/typeinfo.cpp" />
		<Unit filename="libraries/codeframe-master/src/utilities/FileUtilities.cpp" />
		<Unit filename="libraries/codeframe-master/src/utilities/LoggerUtilities.cpp" />
		<Unit filename="libraries/codeframe-master/src/utilities/MathUtilities.cpp" />
		<Unit filename="libraries/codeframe-master/src/utilities/PerformanceUtilities.cpp" />
		<Unit filename="libraries/codeframe-master/src/utilities/SysUtilities.cpp" />
		<Unit filename="libraries/codeframe-master/src/utilities/ThreadUtilities.cpp" />
		<Unit filename="libraries/codeframe-master/src/xmlformatter.cpp" />
		<Unit filename="libraries/codeframe-master/tests/catch.hpp">
			<Option target="Test CodeFrame" />
		</Unit>
		<Unit filename="libraries/codeframe-master/tests/test_serializable_container.cpp">
			<Option target="Test CodeFrame" />
		</Unit>
		<Unit filename="libraries/codeframe-master/tests/test_serializable_fixture.hpp">
			<Option target="Test CodeFrame" />
		</Unit>
		<Unit filename="libraries/codeframe-master/tests/test_serializable_path.cpp">
			<Option target="Test CodeFrame" />
		</Unit>
		<Unit filename="libraries/codeframe-master/tests/test_serializable_storage.cpp">
			<Option target="Test CodeFrame" />
		</Unit>
		<Unit filename="libraries/codeframe-master/tests/test_serializable_utilities.cpp">
			<Option target="Test CodeFrame" />
		</Unit>
		<Unit filename="libraries/codeframe-master/tests/test_serializablelibmain.cpp">
			<Option target="Test CodeFrame" />
		</Unit>
		<Unit filename="libraries/codeframe-master/thirdparty/pugixml-1.7/src/pugiconfig.hpp" />
		<Unit filename="libraries/codeframe-master/thirdparty/pugixml-1.7/src/pugixml.cpp" />
		<Unit filename="libraries/codeframe-master/thirdparty/pugixml-1.7/src/pugixml.hpp" />
		<Unit filename="libraries/codeframe-master/thirdparty/smartpointer/smartpointer.h" />
		<Unit filename="libraries/codeframe-master/thirdparty/smartpointer/yasper.h" />
		<Unit filename="libraries/imgui-sfml/imconfig-SFML.h">
			<Option target="Debug" />
			<Option target="Release" />
			<Option target="ReleaseMP" />
		</Unit>
		<Unit filename="libraries/imgui-sfml/imgui-SFML.cpp">
			<Option target="Debug" />
			<Option target="Release" />
			<Option target="ReleaseMP" />
		</Unit>
		<Unit filename="libraries/imgui-sfml/imgui-SFML.h">
			<Option target="Debug" />
			<Option target="Release" />
			<Option target="ReleaseMP" />
		</Unit>
		<Unit filename="libraries/imgui/imconfig.h">
			<Option target="Debug" />
			<Option target="Release" />
			<Option target="ReleaseMP" />
		</Unit>
		<Unit filename="libraries/imgui/imgui.cpp">
			<Option target="Debug" />
			<Option target="Release" />
			<Option target="ReleaseMP" />
		</Unit>
		<Unit filename="libraries/imgui/imgui.h">
			<Option target="Debug" />
			<Option target="Release" />
			<Option target="ReleaseMP" />
		</Unit>
		<Unit filename="libraries/imgui/imgui_demo.cpp">
			<Option target="Debug" />
			<Option target="Release" />
			<Option target="ReleaseMP" />
		</Unit>
		<Unit filename="libraries/imgui/imgui_draw.cpp">
			<Option target="Debug" />
			<Option target="Release" />
			<Option target="ReleaseMP" />
		</Unit>
		<Unit filename="libraries/imgui/imgui_internal.h">
			<Option target="Debug" />
			<Option target="Release" />
			<Option target="ReleaseMP" />
		</Unit>
		<Unit filename="libraries/imgui/imgui_widgets.cpp">
			<Option target="Debug" />
			<Option target="Release" />
			<Option target="ReleaseMP" />
		</Unit>
		<Unit filename="libraries/sigslot-1.0.0/sigslot.h">
			<Option target="Debug" />
			<Option target="Release" />
			<Option target="ReleaseMP" />
		</Unit>
		<Unit filename="main.cpp">
			<Option target="Debug" />
			<Option target="Release" />
			<Option target="ReleaseMP" />
		</Unit>
		<Unit filename="src/ann_viewer_widget.cpp">
			<Option target="Debug" />
			<Option target="Release" />
			<Option target="ReleaseMP" />
		</Unit>
		<Unit filename="src/application.cpp">
			<Option target="Debug" />
			<Option target="Release" />
			<Option target="ReleaseMP" />
		</Unit>
		<Unit filename="src/artificial_neuron_engine.cpp">
			<Option target="Debug" />
			<Option target="Release" />
			<Option target="ReleaseMP" />
		</Unit>
		<Unit filename="src/colorize_circle_shape.cpp">
			<Option target="Debug" />
			<Option target="Release" />
			<Option target="ReleaseMP" />
		</Unit>
		<Unit filename="src/colorize_ray_data.cpp">
			<Option target="Debug" />
			<Option target="Release" />
			<Option target="ReleaseMP" />
		</Unit>
		<Unit filename="src/console_widget.cpp">
			<Option target="Debug" />
			<Option target="Release" />
			<Option target="ReleaseMP" />
		</Unit>
		<Unit filename="src/const_element.cpp">
			<Option target="Debug" />
			<Option target="Release" />
			<Option target="ReleaseMP" />
		</Unit>
		<Unit filename="src/const_element_line.cpp">
			<Option target="Debug" />
			<Option target="Release" />
			<Option target="ReleaseMP" />
		</Unit>
		<Unit filename="src/const_elements_factory.cpp">
			<Option target="Debug" />
			<Option target="Release" />
			<Option target="ReleaseMP" />
		</Unit>
		<Unit filename="src/drawable_entity_energy.cpp">
			<Option target="Debug" />
			<Option target="Release" />
			<Option target="ReleaseMP" />
		</Unit>
		<Unit filename="src/drawable_entity_motion.cpp">
			<Option target="Debug" />
			<Option target="Release" />
			<Option target="ReleaseMP" />
		</Unit>
		<Unit filename="src/drawable_entity_vision.cpp">
			<Option target="Debug" />
			<Option target="Release" />
			<Option target="ReleaseMP" />
		</Unit>
		<Unit filename="src/drawable_object.cpp">
			<Option target="Debug" />
			<Option target="Release" />
			<Option target="ReleaseMP" />
		</Unit>
		<Unit filename="src/entity.cpp">
			<Option target="Debug" />
			<Option target="Release" />
			<Option target="ReleaseMP" />
		</Unit>
		<Unit filename="src/entity_energy.cpp">
			<Option target="Debug" />
			<Option target="Release" />
			<Option target="ReleaseMP" />
		</Unit>
		<Unit filename="src/entity_factory.cpp">
			<Option target="Debug" />
			<Option target="Release" />
			<Option target="ReleaseMP" />
		</Unit>
		<Unit filename="src/entity_ghost.cpp">
			<Option target="Debug" />
			<Option target="Release" />
			<Option target="ReleaseMP" />
		</Unit>
		<Unit filename="src/entity_motion.cpp">
			<Option target="Debug" />
			<Option target="Release" />
			<Option target="ReleaseMP" />
		</Unit>
		<Unit filename="src/entity_shell.cpp">
			<Option target="Debug" />
			<Option target="Release" />
			<Option target="ReleaseMP" />
		</Unit>
		<Unit filename="src/entity_vision.cpp">
			<Option target="Debug" />
			<Option target="Release" />
			<Option target="ReleaseMP" />
		</Unit>
		<Unit filename="src/entity_vision_node.cpp">
			<Option target="Debug" />
			<Option target="Release" />
			<Option target="ReleaseMP" />
		</Unit>
		<Unit filename="src/entity_vision_viewer_widget.cpp">
			<Option target="Debug" />
			<Option target="Release" />
			<Option target="ReleaseMP" />
		</Unit>
		<Unit filename="src/font_factory.cpp">
			<Option target="Debug" />
			<Option target="Release" />
			<Option target="ReleaseMP" />
		</Unit>
		<Unit filename="src/gui_widgets_layer.cpp">
			<Option target="Debug" />
			<Option target="Release" />
			<Option target="ReleaseMP" />
		</Unit>
		<Unit filename="src/information_widget.cpp">
			<Option target="Debug" />
			<Option target="Release" />
			<Option target="ReleaseMP" />
		</Unit>
		<Unit filename="src/neuron_cell_pooll.cpp">
			<Option target="Debug" />
			<Option target="Release" />
			<Option target="ReleaseMP" />
		</Unit>
		<Unit filename="src/neuron_layer.cpp">
			<Option target="Debug" />
			<Option target="Release" />
			<Option target="ReleaseMP" />
		</Unit>
		<Unit filename="src/neuron_layer_container.cpp">
			<Option target="Debug" />
			<Option target="Release" />
			<Option target="ReleaseMP" />
		</Unit>
		<Unit filename="src/neuron_layer_ray.cpp">
			<Option target="Debug" />
			<Option target="Release" />
			<Option target="ReleaseMP" />
		</Unit>
		<Unit filename="src/neuron_layer_vector.cpp">
			<Option target="Debug" />
			<Option target="Release" />
			<Option target="ReleaseMP" />
		</Unit>
		<Unit filename="src/performance_logger.cpp">
			<Option target="Debug" />
			<Option target="Release" />
			<Option target="ReleaseMP" />
		</Unit>
		<Unit filename="src/physics_body.cpp">
			<Option target="Debug" />
			<Option target="Release" />
			<Option target="ReleaseMP" />
		</Unit>
		<Unit filename="src/property_editor_widget.cpp">
			<Option target="Debug" />
			<Option target="Release" />
			<Option target="ReleaseMP" />
		</Unit>
		<Unit filename="src/ray_data.cpp" />
		<Unit filename="src/world.cpp">
			<Option target="Debug" />
			<Option target="Release" />
			<Option target="ReleaseMP" />
		</Unit>
		<Extensions>
			<code_completion />
			<envvars />
			<debugger />
		</Extensions>
	</Project>
</CodeBlocks_project_file>
